
Microsoft Visual Studio Solution File, Format Version 12.00
# Visual Studio Version 17
VisualStudioVersion = 17.0.32112.339
MinimumVisualStudioVersion = 10.0.40219.1
Project("{FAE04EC0-301F-11D3-BF4B-00C04F79EFBC}") = "Assignment6", "Assignment6\Assignment6.csproj", "{C038DF5F-EBE3-4E02-91EF-6C99D15A59DB}"
EndProject
Global
	GlobalSection(SolutionConfigurationPlatforms) = preSolution
		Debug|Any CPU = Debug|Any CPU
		Release|Any CPU = Release|Any CPU
	EndGlobalSection
	GlobalSection(ProjectConfigurationPlatforms) = postSolution
		{C038DF5F-EBE3-4E02-91EF-6C99D15A59DB}.Debug|Any CPU.ActiveCfg = Debug|Any CPU
		{C038DF5F-EBE3-4E02-91EF-6C99D15A59DB}.Debug|Any CPU.Build.0 = Debug|Any CPU
		{C038DF5F-EBE3-4E02-91EF-6C99D15A59DB}.Release|Any CPU.ActiveCfg = Release|Any CPU
		{C038DF5F-EBE3-4E02-91EF-6C99D15A59DB}.Release|Any CPU.Build.0 = Release|Any CPU
	EndGlobalSection
	GlobalSection(SolutionProperties) = preSolution
		HideSolutionNode = FALSE
	EndGlobalSection
	GlobalSection(ExtensibilityGlobals) = postSolution
		SolutionGuid = {DFB8FCD2-A2FE-43E8-83DF-D5692A8D49CC}
	EndGlobalSection
EndGlobal
